// !$*UTF8*$!
{
	archiveVersion = 1;
	classes = {
	};
	objectVersion = 46;
	objects = {

/* Begin PBXBuildFile section */
		FD076C571AC8CBBB00C893FA /* AppDelegate.m in Sources */ = {isa = PBXBuildFile; fileRef = FD076C561AC8CBBB00C893FA /* AppDelegate.m */; };
		FD076C591AC8CBBB00C893FA /* main.m in Sources */ = {isa = PBXBuildFile; fileRef = FD076C581AC8CBBB00C893FA /* main.m */; };
		FD076C5C1AC8CBBB00C893FA /* ViewController.m in Sources */ = {isa = PBXBuildFile; fileRef = FD076C5B1AC8CBBB00C893FA /* ViewController.m */; };
		FD076C5E1AC8CBBB00C893FA /* Images.xcassets in Resources */ = {isa = PBXBuildFile; fileRef = FD076C5D1AC8CBBB00C893FA /* Images.xcassets */; };
		FD076C611AC8CBBB00C893FA /* Main.storyboard in Resources */ = {isa = PBXBuildFile; fileRef = FD076C5F1AC8CBBB00C893FA /* Main.storyboard */; };
		FD076C6D1AC8CBBB00C893FA /* bilibiliTests.m in Sources */ = {isa = PBXBuildFile; fileRef = FD076C6C1AC8CBBB00C893FA /* bilibiliTests.m */; };
		FD471B4F1AC8FF3C00A2A727 /* PlayerView.mm in Sources */ = {isa = PBXBuildFile; fileRef = FD471B4D1AC8FF3C00A2A727 /* PlayerView.mm */; };
		FD471B521AC904CB00A2A727 /* CoreAudio.framework in Frameworks */ = {isa = PBXBuildFile; fileRef = FD471B511AC904CB00A2A727 /* CoreAudio.framework */; };
		FD4D376B1ACEF3FE0022ABF3 /* loading.gif in Resources */ = {isa = PBXBuildFile; fileRef = FD4D376A1ACEF3FE0022ABF3 /* loading.gif */; };
		FD5101791ACC1A6800C49430 /* libass.5.dylib in Frameworks */ = {isa = PBXBuildFile; fileRef = FD5101621ACC1A6800C49430 /* libass.5.dylib */; };
		FD51017A1ACC1A6800C49430 /* libavcodec.56.dylib in Frameworks */ = {isa = PBXBuildFile; fileRef = FD5101631ACC1A6800C49430 /* libavcodec.56.dylib */; };
		FD51017B1ACC1A6800C49430 /* libavdevice.56.dylib in Frameworks */ = {isa = PBXBuildFile; fileRef = FD5101641ACC1A6800C49430 /* libavdevice.56.dylib */; };
		FD51017C1ACC1A6800C49430 /* libavfilter.5.dylib in Frameworks */ = {isa = PBXBuildFile; fileRef = FD5101651ACC1A6800C49430 /* libavfilter.5.dylib */; };
		FD51017D1ACC1A6800C49430 /* libavformat.56.dylib in Frameworks */ = {isa = PBXBuildFile; fileRef = FD5101661ACC1A6800C49430 /* libavformat.56.dylib */; };
		FD51017E1ACC1A6800C49430 /* libavresample.2.dylib in Frameworks */ = {isa = PBXBuildFile; fileRef = FD5101671ACC1A6800C49430 /* libavresample.2.dylib */; };
		FD51017F1ACC1A6800C49430 /* libavutil.54.dylib in Frameworks */ = {isa = PBXBuildFile; fileRef = FD5101681ACC1A6800C49430 /* libavutil.54.dylib */; };
		FD5101801ACC1A6800C49430 /* libfontconfig.1.dylib in Frameworks */ = {isa = PBXBuildFile; fileRef = FD5101691ACC1A6800C49430 /* libfontconfig.1.dylib */; };
		FD5101811ACC1A6800C49430 /* libfreetype.6.dylib in Frameworks */ = {isa = PBXBuildFile; fileRef = FD51016A1ACC1A6800C49430 /* libfreetype.6.dylib */; };
		FD5101821ACC1A6800C49430 /* libfribidi.0.dylib in Frameworks */ = {isa = PBXBuildFile; fileRef = FD51016B1ACC1A6800C49430 /* libfribidi.0.dylib */; };
		FD5101831ACC1A6800C49430 /* libjpeg.8.dylib in Frameworks */ = {isa = PBXBuildFile; fileRef = FD51016C1ACC1A6800C49430 /* libjpeg.8.dylib */; };
		FD5101841ACC1A6800C49430 /* liblcms2.2.dylib in Frameworks */ = {isa = PBXBuildFile; fileRef = FD51016D1ACC1A6800C49430 /* liblcms2.2.dylib */; };
		FD5101851ACC1A6800C49430 /* liblua.5.2.dylib in Frameworks */ = {isa = PBXBuildFile; fileRef = FD51016E1ACC1A6800C49430 /* liblua.5.2.dylib */; };
		FD5101861ACC1A6800C49430 /* libmp3lame.0.dylib in Frameworks */ = {isa = PBXBuildFile; fileRef = FD51016F1ACC1A6800C49430 /* libmp3lame.0.dylib */; };
		FD5101871ACC1A6800C49430 /* libmpg123.0.dylib in Frameworks */ = {isa = PBXBuildFile; fileRef = FD5101701ACC1A6800C49430 /* libmpg123.0.dylib */; };
		FD5101881ACC1A6800C49430 /* libmpv.dylib in Frameworks */ = {isa = PBXBuildFile; fileRef = FD5101711ACC1A6800C49430 /* libmpv.dylib */; };
		FD5101891ACC1A6800C49430 /* libpng16.16.dylib in Frameworks */ = {isa = PBXBuildFile; fileRef = FD5101721ACC1A6800C49430 /* libpng16.16.dylib */; };
		FD51018A1ACC1A6800C49430 /* libpostproc.53.dylib in Frameworks */ = {isa = PBXBuildFile; fileRef = FD5101731ACC1A6800C49430 /* libpostproc.53.dylib */; };
		FD51018B1ACC1A6800C49430 /* libswresample.1.dylib in Frameworks */ = {isa = PBXBuildFile; fileRef = FD5101741ACC1A6800C49430 /* libswresample.1.dylib */; };
		FD51018C1ACC1A6800C49430 /* libswscale.3.dylib in Frameworks */ = {isa = PBXBuildFile; fileRef = FD5101751ACC1A6800C49430 /* libswscale.3.dylib */; };
		FD51018D1ACC1A6800C49430 /* libvo-aacenc.0.dylib in Frameworks */ = {isa = PBXBuildFile; fileRef = FD5101761ACC1A6800C49430 /* libvo-aacenc.0.dylib */; };
		FD51018E1ACC1A6800C49430 /* libx264.142.dylib in Frameworks */ = {isa = PBXBuildFile; fileRef = FD5101771ACC1A6800C49430 /* libx264.142.dylib */; };
		FD51018F1ACC1A6800C49430 /* libz.1.dylib in Frameworks */ = {isa = PBXBuildFile; fileRef = FD5101781ACC1A6800C49430 /* libz.1.dylib */; };
		FD5101931ACC1AF300C49430 /* libass.5.dylib in CopyFiles */ = {isa = PBXBuildFile; fileRef = FD5101621ACC1A6800C49430 /* libass.5.dylib */; settings = {ATTRIBUTES = (CodeSignOnCopy, ); }; };
		FD5101941ACC1AF300C49430 /* libavcodec.56.dylib in CopyFiles */ = {isa = PBXBuildFile; fileRef = FD5101631ACC1A6800C49430 /* libavcodec.56.dylib */; settings = {ATTRIBUTES = (CodeSignOnCopy, ); }; };
		FD5101951ACC1AF300C49430 /* libavdevice.56.dylib in CopyFiles */ = {isa = PBXBuildFile; fileRef = FD5101641ACC1A6800C49430 /* libavdevice.56.dylib */; settings = {ATTRIBUTES = (CodeSignOnCopy, ); }; };
		FD5101961ACC1AF300C49430 /* libavfilter.5.dylib in CopyFiles */ = {isa = PBXBuildFile; fileRef = FD5101651ACC1A6800C49430 /* libavfilter.5.dylib */; settings = {ATTRIBUTES = (CodeSignOnCopy, ); }; };
		FD5101971ACC1AF300C49430 /* libavformat.56.dylib in CopyFiles */ = {isa = PBXBuildFile; fileRef = FD5101661ACC1A6800C49430 /* libavformat.56.dylib */; settings = {ATTRIBUTES = (CodeSignOnCopy, ); }; };
		FD5101981ACC1AF300C49430 /* libavresample.2.dylib in CopyFiles */ = {isa = PBXBuildFile; fileRef = FD5101671ACC1A6800C49430 /* libavresample.2.dylib */; settings = {ATTRIBUTES = (CodeSignOnCopy, ); }; };
		FD5101991ACC1AF300C49430 /* libavutil.54.dylib in CopyFiles */ = {isa = PBXBuildFile; fileRef = FD5101681ACC1A6800C49430 /* libavutil.54.dylib */; settings = {ATTRIBUTES = (CodeSignOnCopy, ); }; };
		FD51019A1ACC1AF300C49430 /* libfontconfig.1.dylib in CopyFiles */ = {isa = PBXBuildFile; fileRef = FD5101691ACC1A6800C49430 /* libfontconfig.1.dylib */; settings = {ATTRIBUTES = (CodeSignOnCopy, ); }; };
		FD51019B1ACC1AF300C49430 /* libfreetype.6.dylib in CopyFiles */ = {isa = PBXBuildFile; fileRef = FD51016A1ACC1A6800C49430 /* libfreetype.6.dylib */; settings = {ATTRIBUTES = (CodeSignOnCopy, ); }; };
		FD51019C1ACC1AF300C49430 /* libfribidi.0.dylib in CopyFiles */ = {isa = PBXBuildFile; fileRef = FD51016B1ACC1A6800C49430 /* libfribidi.0.dylib */; settings = {ATTRIBUTES = (CodeSignOnCopy, ); }; };
		FD51019D1ACC1AF300C49430 /* libjpeg.8.dylib in CopyFiles */ = {isa = PBXBuildFile; fileRef = FD51016C1ACC1A6800C49430 /* libjpeg.8.dylib */; settings = {ATTRIBUTES = (CodeSignOnCopy, ); }; };
		FD51019E1ACC1AF300C49430 /* liblcms2.2.dylib in CopyFiles */ = {isa = PBXBuildFile; fileRef = FD51016D1ACC1A6800C49430 /* liblcms2.2.dylib */; settings = {ATTRIBUTES = (CodeSignOnCopy, ); }; };
		FD51019F1ACC1AF300C49430 /* liblua.5.2.dylib in CopyFiles */ = {isa = PBXBuildFile; fileRef = FD51016E1ACC1A6800C49430 /* liblua.5.2.dylib */; settings = {ATTRIBUTES = (CodeSignOnCopy, ); }; };
		FD5101A01ACC1AF300C49430 /* libmp3lame.0.dylib in CopyFiles */ = {isa = PBXBuildFile; fileRef = FD51016F1ACC1A6800C49430 /* libmp3lame.0.dylib */; settings = {ATTRIBUTES = (CodeSignOnCopy, ); }; };
		FD5101A11ACC1AF300C49430 /* libmpg123.0.dylib in CopyFiles */ = {isa = PBXBuildFile; fileRef = FD5101701ACC1A6800C49430 /* libmpg123.0.dylib */; settings = {ATTRIBUTES = (CodeSignOnCopy, ); }; };
		FD5101A21ACC1AF300C49430 /* libmpv.dylib in CopyFiles */ = {isa = PBXBuildFile; fileRef = FD5101711ACC1A6800C49430 /* libmpv.dylib */; settings = {ATTRIBUTES = (CodeSignOnCopy, ); }; };
		FD5101A31ACC1AF300C49430 /* libpng16.16.dylib in CopyFiles */ = {isa = PBXBuildFile; fileRef = FD5101721ACC1A6800C49430 /* libpng16.16.dylib */; settings = {ATTRIBUTES = (CodeSignOnCopy, ); }; };
		FD5101A41ACC1AF300C49430 /* libpostproc.53.dylib in CopyFiles */ = {isa = PBXBuildFile; fileRef = FD5101731ACC1A6800C49430 /* libpostproc.53.dylib */; settings = {ATTRIBUTES = (CodeSignOnCopy, ); }; };
		FD5101A51ACC1AF300C49430 /* libswresample.1.dylib in CopyFiles */ = {isa = PBXBuildFile; fileRef = FD5101741ACC1A6800C49430 /* libswresample.1.dylib */; settings = {ATTRIBUTES = (CodeSignOnCopy, ); }; };
		FD5101A61ACC1AF300C49430 /* libswscale.3.dylib in CopyFiles */ = {isa = PBXBuildFile; fileRef = FD5101751ACC1A6800C49430 /* libswscale.3.dylib */; settings = {ATTRIBUTES = (CodeSignOnCopy, ); }; };
		FD5101A71ACC1AF300C49430 /* libvo-aacenc.0.dylib in CopyFiles */ = {isa = PBXBuildFile; fileRef = FD5101761ACC1A6800C49430 /* libvo-aacenc.0.dylib */; settings = {ATTRIBUTES = (CodeSignOnCopy, ); }; };
		FD5101A81ACC1AF300C49430 /* libx264.142.dylib in CopyFiles */ = {isa = PBXBuildFile; fileRef = FD5101771ACC1A6800C49430 /* libx264.142.dylib */; settings = {ATTRIBUTES = (CodeSignOnCopy, ); }; };
		FD5101A91ACC1AF300C49430 /* libz.1.dylib in CopyFiles */ = {isa = PBXBuildFile; fileRef = FD5101781ACC1A6800C49430 /* libz.1.dylib */; settings = {ATTRIBUTES = (CodeSignOnCopy, ); }; };
		FD5101AA1ACC1B0A00C49430 /* ffprobe in CopyFiles */ = {isa = PBXBuildFile; fileRef = FD5101911ACC1AB500C49430 /* ffprobe */; settings = {ATTRIBUTES = (CodeSignOnCopy, ); }; };
		FD51A85F1ACA7740007D8972 /* danmaku2ass.app in CopyFiles */ = {isa = PBXBuildFile; fileRef = FD51A85D1ACA7736007D8972 /* danmaku2ass.app */; settings = {ATTRIBUTES = (RemoveHeadersOnCopy, ); }; };
		FDAF8B9E1ACA4C1C00C0C55D /* ISSoundAdditions.m in Sources */ = {isa = PBXBuildFile; fileRef = FDAF8B9D1ACA4C1C00C0C55D /* ISSoundAdditions.m */; };
		FDAF8BA11ACA4ECC00C0C55D /* Sparkle.framework in Frameworks */ = {isa = PBXBuildFile; fileRef = FDAF8BA01ACA4ECC00C0C55D /* Sparkle.framework */; };
		FDAF8BA31ACA4EF800C0C55D /* Sparkle.framework in Copy Files */ = {isa = PBXBuildFile; fileRef = FDAF8BA01ACA4ECC00C0C55D /* Sparkle.framework */; settings = {ATTRIBUTES = (CodeSignOnCopy, RemoveHeadersOnCopy, ); }; };
		FDAF8BA71ACA502000C0C55D /* dsa_pub.pem in Resources */ = {isa = PBXBuildFile; fileRef = FDAF8BA61ACA502000C0C55D /* dsa_pub.pem */; };
		FDAF8BAA1ACA5A3100C0C55D /* AboutView.m in Sources */ = {isa = PBXBuildFile; fileRef = FDAF8BA91ACA5A3100C0C55D /* AboutView.m */; };
		FDD5EEF71AC944020036B829 /* WebKit.framework in Frameworks */ = {isa = PBXBuildFile; fileRef = FDD5EEF61AC944020036B829 /* WebKit.framework */; };
/* End PBXBuildFile section */

/* Begin PBXContainerItemProxy section */
		FD076C671AC8CBBB00C893FA /* PBXContainerItemProxy */ = {
			isa = PBXContainerItemProxy;
			containerPortal = FD076C481AC8CBBB00C893FA /* Project object */;
			proxyType = 1;
			remoteGlobalIDString = FD076C4F1AC8CBBB00C893FA;
			remoteInfo = bilibili;
		};
/* End PBXContainerItemProxy section */

/* Begin PBXCopyFilesBuildPhase section */
		FD471F731AC911CD00A2A727 /* CopyFiles */ = {
			isa = PBXCopyFilesBuildPhase;
			buildActionMask = 2147483647;
			dstPath = lib;
			dstSubfolderSpec = 6;
			files = (
				FD5101931ACC1AF300C49430 /* libass.5.dylib in CopyFiles */,
				FD5101941ACC1AF300C49430 /* libavcodec.56.dylib in CopyFiles */,
				FD5101951ACC1AF300C49430 /* libavdevice.56.dylib in CopyFiles */,
				FD5101961ACC1AF300C49430 /* libavfilter.5.dylib in CopyFiles */,
				FD5101971ACC1AF300C49430 /* libavformat.56.dylib in CopyFiles */,
				FD5101981ACC1AF300C49430 /* libavresample.2.dylib in CopyFiles */,
				FD5101991ACC1AF300C49430 /* libavutil.54.dylib in CopyFiles */,
				FD51019A1ACC1AF300C49430 /* libfontconfig.1.dylib in CopyFiles */,
				FD51019B1ACC1AF300C49430 /* libfreetype.6.dylib in CopyFiles */,
				FD51019C1ACC1AF300C49430 /* libfribidi.0.dylib in CopyFiles */,
				FD51019D1ACC1AF300C49430 /* libjpeg.8.dylib in CopyFiles */,
				FD51019E1ACC1AF300C49430 /* liblcms2.2.dylib in CopyFiles */,
				FD51019F1ACC1AF300C49430 /* liblua.5.2.dylib in CopyFiles */,
				FD5101A01ACC1AF300C49430 /* libmp3lame.0.dylib in CopyFiles */,
				FD5101A11ACC1AF300C49430 /* libmpg123.0.dylib in CopyFiles */,
				FD5101A21ACC1AF300C49430 /* libmpv.dylib in CopyFiles */,
				FD5101A31ACC1AF300C49430 /* libpng16.16.dylib in CopyFiles */,
				FD5101A41ACC1AF300C49430 /* libpostproc.53.dylib in CopyFiles */,
				FD5101A51ACC1AF300C49430 /* libswresample.1.dylib in CopyFiles */,
				FD5101A61ACC1AF300C49430 /* libswscale.3.dylib in CopyFiles */,
				FD5101A71ACC1AF300C49430 /* libvo-aacenc.0.dylib in CopyFiles */,
				FD5101A81ACC1AF300C49430 /* libx264.142.dylib in CopyFiles */,
				FD5101A91ACC1AF300C49430 /* libz.1.dylib in CopyFiles */,
			);
			runOnlyForDeploymentPostprocessing = 0;
		};
		FD471F8B1AC92D1B00A2A727 /* CopyFiles */ = {
			isa = PBXCopyFilesBuildPhase;
			buildActionMask = 2147483647;
			dstPath = danmaku2ass;
			dstSubfolderSpec = 7;
			files = (
				FD51A85F1ACA7740007D8972 /* danmaku2ass.app in CopyFiles */,
			);
			runOnlyForDeploymentPostprocessing = 0;
		};
		FD471FD51AC9321300A2A727 /* CopyFiles */ = {
			isa = PBXCopyFilesBuildPhase;
			buildActionMask = 2147483647;
			dstPath = "";
			dstSubfolderSpec = 7;
			files = (
				FD5101AA1ACC1B0A00C49430 /* ffprobe in CopyFiles */,
			);
			runOnlyForDeploymentPostprocessing = 0;
		};
		FDAF8BA21ACA4EF100C0C55D /* Copy Files */ = {
			isa = PBXCopyFilesBuildPhase;
			buildActionMask = 2147483647;
			dstPath = "";
			dstSubfolderSpec = 10;
			files = (
				FDAF8BA31ACA4EF800C0C55D /* Sparkle.framework in Copy Files */,
			);
			name = "Copy Files";
			runOnlyForDeploymentPostprocessing = 0;
		};
/* End PBXCopyFilesBuildPhase section */

/* Begin PBXFileReference section */
		FD076C501AC8CBBB00C893FA /* Bilibili.app */ = {isa = PBXFileReference; explicitFileType = wrapper.application; includeInIndex = 0; path = Bilibili.app; sourceTree = BUILT_PRODUCTS_DIR; };
		FD076C541AC8CBBB00C893FA /* Info.plist */ = {isa = PBXFileReference; lastKnownFileType = text.plist.xml; path = Info.plist; sourceTree = "<group>"; };
		FD076C551AC8CBBB00C893FA /* AppDelegate.h */ = {isa = PBXFileReference; lastKnownFileType = sourcecode.c.h; path = AppDelegate.h; sourceTree = "<group>"; };
		FD076C561AC8CBBB00C893FA /* AppDelegate.m */ = {isa = PBXFileReference; lastKnownFileType = sourcecode.c.objc; path = AppDelegate.m; sourceTree = "<group>"; };
		FD076C581AC8CBBB00C893FA /* main.m */ = {isa = PBXFileReference; lastKnownFileType = sourcecode.c.objc; path = main.m; sourceTree = "<group>"; };
		FD076C5A1AC8CBBB00C893FA /* ViewController.h */ = {isa = PBXFileReference; lastKnownFileType = sourcecode.c.h; path = ViewController.h; sourceTree = "<group>"; };
		FD076C5B1AC8CBBB00C893FA /* ViewController.m */ = {isa = PBXFileReference; lastKnownFileType = sourcecode.c.objc; path = ViewController.m; sourceTree = "<group>"; };
		FD076C5D1AC8CBBB00C893FA /* Images.xcassets */ = {isa = PBXFileReference; lastKnownFileType = folder.assetcatalog; path = Images.xcassets; sourceTree = "<group>"; };
		FD076C601AC8CBBB00C893FA /* Base */ = {isa = PBXFileReference; lastKnownFileType = file.storyboard; name = Base; path = Base.lproj/Main.storyboard; sourceTree = "<group>"; };
		FD076C661AC8CBBB00C893FA /* bilibiliTests.xctest */ = {isa = PBXFileReference; explicitFileType = wrapper.cfbundle; includeInIndex = 0; path = bilibiliTests.xctest; sourceTree = BUILT_PRODUCTS_DIR; };
		FD076C6B1AC8CBBB00C893FA /* Info.plist */ = {isa = PBXFileReference; lastKnownFileType = text.plist.xml; path = Info.plist; sourceTree = "<group>"; };
		FD076C6C1AC8CBBB00C893FA /* bilibiliTests.m */ = {isa = PBXFileReference; lastKnownFileType = sourcecode.c.objc; path = bilibiliTests.m; sourceTree = "<group>"; };
		FD471B4C1AC8FF3C00A2A727 /* PlayerView.h */ = {isa = PBXFileReference; fileEncoding = 4; lastKnownFileType = sourcecode.c.h; path = PlayerView.h; sourceTree = "<group>"; };
		FD471B4D1AC8FF3C00A2A727 /* PlayerView.mm */ = {isa = PBXFileReference; fileEncoding = 4; lastKnownFileType = sourcecode.cpp.objcpp; path = PlayerView.mm; sourceTree = "<group>"; };
		FD471B511AC904CB00A2A727 /* CoreAudio.framework */ = {isa = PBXFileReference; lastKnownFileType = wrapper.framework; name = CoreAudio.framework; path = System/Library/Frameworks/CoreAudio.framework; sourceTree = SDKROOT; };
		FD4D376A1ACEF3FE0022ABF3 /* loading.gif */ = {isa = PBXFileReference; lastKnownFileType = image.gif; name = loading.gif; path = bilibili/img/loading.gif; sourceTree = "<group>"; };
		FD5101621ACC1A6800C49430 /* libass.5.dylib */ = {isa = PBXFileReference; lastKnownFileType = "compiled.mach-o.dylib"; name = libass.5.dylib; path = bilibili/libs/libass.5.dylib; sourceTree = "<group>"; };
		FD5101631ACC1A6800C49430 /* libavcodec.56.dylib */ = {isa = PBXFileReference; lastKnownFileType = "compiled.mach-o.dylib"; name = libavcodec.56.dylib; path = bilibili/libs/libavcodec.56.dylib; sourceTree = "<group>"; };
		FD5101641ACC1A6800C49430 /* libavdevice.56.dylib */ = {isa = PBXFileReference; lastKnownFileType = "compiled.mach-o.dylib"; name = libavdevice.56.dylib; path = bilibili/libs/libavdevice.56.dylib; sourceTree = "<group>"; };
		FD5101651ACC1A6800C49430 /* libavfilter.5.dylib */ = {isa = PBXFileReference; lastKnownFileType = "compiled.mach-o.dylib"; name = libavfilter.5.dylib; path = bilibili/libs/libavfilter.5.dylib; sourceTree = "<group>"; };
		FD5101661ACC1A6800C49430 /* libavformat.56.dylib */ = {isa = PBXFileReference; lastKnownFileType = "compiled.mach-o.dylib"; name = libavformat.56.dylib; path = bilibili/libs/libavformat.56.dylib; sourceTree = "<group>"; };
		FD5101671ACC1A6800C49430 /* libavresample.2.dylib */ = {isa = PBXFileReference; lastKnownFileType = "compiled.mach-o.dylib"; name = libavresample.2.dylib; path = bilibili/libs/libavresample.2.dylib; sourceTree = "<group>"; };
		FD5101681ACC1A6800C49430 /* libavutil.54.dylib */ = {isa = PBXFileReference; lastKnownFileType = "compiled.mach-o.dylib"; name = libavutil.54.dylib; path = bilibili/libs/libavutil.54.dylib; sourceTree = "<group>"; };
		FD5101691ACC1A6800C49430 /* libfontconfig.1.dylib */ = {isa = PBXFileReference; lastKnownFileType = "compiled.mach-o.dylib"; name = libfontconfig.1.dylib; path = bilibili/libs/libfontconfig.1.dylib; sourceTree = "<group>"; };
		FD51016A1ACC1A6800C49430 /* libfreetype.6.dylib */ = {isa = PBXFileReference; lastKnownFileType = "compiled.mach-o.dylib"; name = libfreetype.6.dylib; path = bilibili/libs/libfreetype.6.dylib; sourceTree = "<group>"; };
		FD51016B1ACC1A6800C49430 /* libfribidi.0.dylib */ = {isa = PBXFileReference; lastKnownFileType = "compiled.mach-o.dylib"; name = libfribidi.0.dylib; path = bilibili/libs/libfribidi.0.dylib; sourceTree = "<group>"; };
		FD51016C1ACC1A6800C49430 /* libjpeg.8.dylib */ = {isa = PBXFileReference; lastKnownFileType = "compiled.mach-o.dylib"; name = libjpeg.8.dylib; path = bilibili/libs/libjpeg.8.dylib; sourceTree = "<group>"; };
		FD51016D1ACC1A6800C49430 /* liblcms2.2.dylib */ = {isa = PBXFileReference; lastKnownFileType = "compiled.mach-o.dylib"; name = liblcms2.2.dylib; path = bilibili/libs/liblcms2.2.dylib; sourceTree = "<group>"; };
		FD51016E1ACC1A6800C49430 /* liblua.5.2.dylib */ = {isa = PBXFileReference; lastKnownFileType = "compiled.mach-o.dylib"; name = liblua.5.2.dylib; path = bilibili/libs/liblua.5.2.dylib; sourceTree = "<group>"; };
		FD51016F1ACC1A6800C49430 /* libmp3lame.0.dylib */ = {isa = PBXFileReference; lastKnownFileType = "compiled.mach-o.dylib"; name = libmp3lame.0.dylib; path = bilibili/libs/libmp3lame.0.dylib; sourceTree = "<group>"; };
		FD5101701ACC1A6800C49430 /* libmpg123.0.dylib */ = {isa = PBXFileReference; lastKnownFileType = "compiled.mach-o.dylib"; name = libmpg123.0.dylib; path = bilibili/libs/libmpg123.0.dylib; sourceTree = "<group>"; };
		FD5101711ACC1A6800C49430 /* libmpv.dylib */ = {isa = PBXFileReference; lastKnownFileType = "compiled.mach-o.dylib"; name = libmpv.dylib; path = bilibili/libs/libmpv.dylib; sourceTree = "<group>"; };
		FD5101721ACC1A6800C49430 /* libpng16.16.dylib */ = {isa = PBXFileReference; lastKnownFileType = "compiled.mach-o.dylib"; name = libpng16.16.dylib; path = bilibili/libs/libpng16.16.dylib; sourceTree = "<group>"; };
		FD5101731ACC1A6800C49430 /* libpostproc.53.dylib */ = {isa = PBXFileReference; lastKnownFileType = "compiled.mach-o.dylib"; name = libpostproc.53.dylib; path = bilibili/libs/libpostproc.53.dylib; sourceTree = "<group>"; };
		FD5101741ACC1A6800C49430 /* libswresample.1.dylib */ = {isa = PBXFileReference; lastKnownFileType = "compiled.mach-o.dylib"; name = libswresample.1.dylib; path = bilibili/libs/libswresample.1.dylib; sourceTree = "<group>"; };
		FD5101751ACC1A6800C49430 /* libswscale.3.dylib */ = {isa = PBXFileReference; lastKnownFileType = "compiled.mach-o.dylib"; name = libswscale.3.dylib; path = bilibili/libs/libswscale.3.dylib; sourceTree = "<group>"; };
		FD5101761ACC1A6800C49430 /* libvo-aacenc.0.dylib */ = {isa = PBXFileReference; lastKnownFileType = "compiled.mach-o.dylib"; name = "libvo-aacenc.0.dylib"; path = "bilibili/libs/libvo-aacenc.0.dylib"; sourceTree = "<group>"; };
		FD5101771ACC1A6800C49430 /* libx264.142.dylib */ = {isa = PBXFileReference; lastKnownFileType = "compiled.mach-o.dylib"; name = libx264.142.dylib; path = bilibili/libs/libx264.142.dylib; sourceTree = "<group>"; };
		FD5101781ACC1A6800C49430 /* libz.1.dylib */ = {isa = PBXFileReference; lastKnownFileType = "compiled.mach-o.dylib"; name = libz.1.dylib; path = bilibili/libs/libz.1.dylib; sourceTree = "<group>"; };
		FD5101901ACC1A7600C49430 /* client.h */ = {isa = PBXFileReference; lastKnownFileType = sourcecode.c.h; name = client.h; path = bilibili/headers/client.h; sourceTree = "<group>"; };
		FD5101911ACC1AB500C49430 /* ffprobe */ = {isa = PBXFileReference; lastKnownFileType = "compiled.mach-o.executable"; name = ffprobe; path = bilibili/ffprobe; sourceTree = "<group>"; };
		FD51A85D1ACA7736007D8972 /* danmaku2ass.app */ = {isa = PBXFileReference; lastKnownFileType = wrapper.application; name = danmaku2ass.app; path = bilibili/danmaku2ass/danmaku2ass.app; sourceTree = "<group>"; };
		FD51A8601ACA8464007D8972 /* APIKey.h */ = {isa = PBXFileReference; lastKnownFileType = sourcecode.c.h; path = APIKey.h; sourceTree = "<group>"; };
		FDAF8B9C1ACA4BFA00C0C55D /* ISSoundAdditions.h */ = {isa = PBXFileReference; lastKnownFileType = sourcecode.c.h; path = ISSoundAdditions.h; sourceTree = "<group>"; };
		FDAF8B9D1ACA4C1C00C0C55D /* ISSoundAdditions.m */ = {isa = PBXFileReference; fileEncoding = 4; lastKnownFileType = sourcecode.c.objc; path = ISSoundAdditions.m; sourceTree = "<group>"; };
		FDAF8BA01ACA4ECC00C0C55D /* Sparkle.framework */ = {isa = PBXFileReference; lastKnownFileType = wrapper.framework; name = Sparkle.framework; path = bilibili/sparkle/Sparkle.framework; sourceTree = "<group>"; };
		FDAF8BA61ACA502000C0C55D /* dsa_pub.pem */ = {isa = PBXFileReference; fileEncoding = 4; lastKnownFileType = text; path = dsa_pub.pem; sourceTree = "<group>"; };
		FDAF8BA81ACA5A3100C0C55D /* AboutView.h */ = {isa = PBXFileReference; fileEncoding = 4; lastKnownFileType = sourcecode.c.h; path = AboutView.h; sourceTree = "<group>"; };
		FDAF8BA91ACA5A3100C0C55D /* AboutView.m */ = {isa = PBXFileReference; fileEncoding = 4; lastKnownFileType = sourcecode.c.objc; path = AboutView.m; sourceTree = "<group>"; };
		FDD5EEF61AC944020036B829 /* WebKit.framework */ = {isa = PBXFileReference; lastKnownFileType = wrapper.framework; name = WebKit.framework; path = System/Library/Frameworks/WebKit.framework; sourceTree = SDKROOT; };
/* End PBXFileReference section */

/* Begin PBXFrameworksBuildPhase section */
		FD076C4D1AC8CBBB00C893FA /* Frameworks */ = {
			isa = PBXFrameworksBuildPhase;
			buildActionMask = 2147483647;
			files = (
				FD51018D1ACC1A6800C49430 /* libvo-aacenc.0.dylib in Frameworks */,
				FD5101811ACC1A6800C49430 /* libfreetype.6.dylib in Frameworks */,
				FDD5EEF71AC944020036B829 /* WebKit.framework in Frameworks */,
				FD51018E1ACC1A6800C49430 /* libx264.142.dylib in Frameworks */,
				FD51018F1ACC1A6800C49430 /* libz.1.dylib in Frameworks */,
				FD51017B1ACC1A6800C49430 /* libavdevice.56.dylib in Frameworks */,
				FD5101881ACC1A6800C49430 /* libmpv.dylib in Frameworks */,
				FD51017C1ACC1A6800C49430 /* libavfilter.5.dylib in Frameworks */,
				FD51017E1ACC1A6800C49430 /* libavresample.2.dylib in Frameworks */,
				FD5101861ACC1A6800C49430 /* libmp3lame.0.dylib in Frameworks */,
				FD5101821ACC1A6800C49430 /* libfribidi.0.dylib in Frameworks */,
				FD5101841ACC1A6800C49430 /* liblcms2.2.dylib in Frameworks */,
				FD51018A1ACC1A6800C49430 /* libpostproc.53.dylib in Frameworks */,
				FD5101801ACC1A6800C49430 /* libfontconfig.1.dylib in Frameworks */,
				FD51017A1ACC1A6800C49430 /* libavcodec.56.dylib in Frameworks */,
				FD5101871ACC1A6800C49430 /* libmpg123.0.dylib in Frameworks */,
				FD51017F1ACC1A6800C49430 /* libavutil.54.dylib in Frameworks */,
				FD5101791ACC1A6800C49430 /* libass.5.dylib in Frameworks */,
				FD5101831ACC1A6800C49430 /* libjpeg.8.dylib in Frameworks */,
				FD51018C1ACC1A6800C49430 /* libswscale.3.dylib in Frameworks */,
				FD5101891ACC1A6800C49430 /* libpng16.16.dylib in Frameworks */,
				FDAF8BA11ACA4ECC00C0C55D /* Sparkle.framework in Frameworks */,
				FD51018B1ACC1A6800C49430 /* libswresample.1.dylib in Frameworks */,
				FD51017D1ACC1A6800C49430 /* libavformat.56.dylib in Frameworks */,
				FD5101851ACC1A6800C49430 /* liblua.5.2.dylib in Frameworks */,
				FD471B521AC904CB00A2A727 /* CoreAudio.framework in Frameworks */,
			);
			runOnlyForDeploymentPostprocessing = 0;
		};
		FD076C631AC8CBBB00C893FA /* Frameworks */ = {
			isa = PBXFrameworksBuildPhase;
			buildActionMask = 2147483647;
			files = (
			);
			runOnlyForDeploymentPostprocessing = 0;
		};
/* End PBXFrameworksBuildPhase section */

/* Begin PBXGroup section */
		FD076C471AC8CBBB00C893FA = {
			isa = PBXGroup;
			children = (
				FD4D37691ACEF3F20022ABF3 /* img */,
				FDAF8B9F1ACA4D9900C0C55D /* sparkle */,
				FD471FD21AC931F800A2A727 /* ffprobe */,
				FD471FD11AC92D7C00A2A727 /* frameworks */,
				FD471FD01AC92D6D00A2A727 /* danmaku2ass */,
				FD076C761AC8DA4100C893FA /* player */,
				FD076C521AC8CBBB00C893FA /* bilibili */,
				FD076C691AC8CBBB00C893FA /* bilibiliTests */,
				FD076C511AC8CBBB00C893FA /* Products */,
			);
			sourceTree = "<group>";
		};
		FD076C511AC8CBBB00C893FA /* Products */ = {
			isa = PBXGroup;
			children = (
				FD076C501AC8CBBB00C893FA /* Bilibili.app */,
				FD076C661AC8CBBB00C893FA /* bilibiliTests.xctest */,
			);
			name = Products;
			sourceTree = "<group>";
		};
		FD076C521AC8CBBB00C893FA /* bilibili */ = {
			isa = PBXGroup;
			children = (
				FD076C551AC8CBBB00C893FA /* AppDelegate.h */,
				FD076C561AC8CBBB00C893FA /* AppDelegate.m */,
				FD076C5A1AC8CBBB00C893FA /* ViewController.h */,
				FD076C5B1AC8CBBB00C893FA /* ViewController.m */,
				FD076C5D1AC8CBBB00C893FA /* Images.xcassets */,
				FD076C5F1AC8CBBB00C893FA /* Main.storyboard */,
				FD076C531AC8CBBB00C893FA /* Supporting Files */,
				FD471B4C1AC8FF3C00A2A727 /* PlayerView.h */,
				FD471B4D1AC8FF3C00A2A727 /* PlayerView.mm */,
				FDAF8B9C1ACA4BFA00C0C55D /* ISSoundAdditions.h */,
				FDAF8B9D1ACA4C1C00C0C55D /* ISSoundAdditions.m */,
				FDAF8BA81ACA5A3100C0C55D /* AboutView.h */,
				FDAF8BA91ACA5A3100C0C55D /* AboutView.m */,
				FD51A8601ACA8464007D8972 /* APIKey.h */,
			);
			path = bilibili;
			sourceTree = "<group>";
		};
		FD076C531AC8CBBB00C893FA /* Supporting Files */ = {
			isa = PBXGroup;
			children = (
				FDAF8BA61ACA502000C0C55D /* dsa_pub.pem */,
				FD076C541AC8CBBB00C893FA /* Info.plist */,
				FD076C581AC8CBBB00C893FA /* main.m */,
			);
			name = "Supporting Files";
			sourceTree = "<group>";
		};
		FD076C691AC8CBBB00C893FA /* bilibiliTests */ = {
			isa = PBXGroup;
			children = (
				FD076C6C1AC8CBBB00C893FA /* bilibiliTests.m */,
				FD076C6A1AC8CBBB00C893FA /* Supporting Files */,
			);
			path = bilibiliTests;
			sourceTree = "<group>";
		};
		FD076C6A1AC8CBBB00C893FA /* Supporting Files */ = {
			isa = PBXGroup;
			children = (
				FD076C6B1AC8CBBB00C893FA /* Info.plist */,
			);
			name = "Supporting Files";
			sourceTree = "<group>";
		};
		FD076C761AC8DA4100C893FA /* player */ = {
			isa = PBXGroup;
			children = (
				FD076C781AC8DA5C00C893FA /* headers */,
				FD076C771AC8DA5600C893FA /* lib */,
			);
			name = player;
			sourceTree = "<group>";
		};
		FD076C771AC8DA5600C893FA /* lib */ = {
			isa = PBXGroup;
			children = (
				FD5101621ACC1A6800C49430 /* libass.5.dylib */,
				FD5101631ACC1A6800C49430 /* libavcodec.56.dylib */,
				FD5101641ACC1A6800C49430 /* libavdevice.56.dylib */,
				FD5101651ACC1A6800C49430 /* libavfilter.5.dylib */,
				FD5101661ACC1A6800C49430 /* libavformat.56.dylib */,
				FD5101671ACC1A6800C49430 /* libavresample.2.dylib */,
				FD5101681ACC1A6800C49430 /* libavutil.54.dylib */,
				FD5101691ACC1A6800C49430 /* libfontconfig.1.dylib */,
				FD51016A1ACC1A6800C49430 /* libfreetype.6.dylib */,
				FD51016B1ACC1A6800C49430 /* libfribidi.0.dylib */,
				FD51016C1ACC1A6800C49430 /* libjpeg.8.dylib */,
				FD51016D1ACC1A6800C49430 /* liblcms2.2.dylib */,
				FD51016E1ACC1A6800C49430 /* liblua.5.2.dylib */,
				FD51016F1ACC1A6800C49430 /* libmp3lame.0.dylib */,
				FD5101701ACC1A6800C49430 /* libmpg123.0.dylib */,
				FD5101711ACC1A6800C49430 /* libmpv.dylib */,
				FD5101721ACC1A6800C49430 /* libpng16.16.dylib */,
				FD5101731ACC1A6800C49430 /* libpostproc.53.dylib */,
				FD5101741ACC1A6800C49430 /* libswresample.1.dylib */,
				FD5101751ACC1A6800C49430 /* libswscale.3.dylib */,
				FD5101761ACC1A6800C49430 /* libvo-aacenc.0.dylib */,
				FD5101771ACC1A6800C49430 /* libx264.142.dylib */,
				FD5101781ACC1A6800C49430 /* libz.1.dylib */,
			);
			name = lib;
			sourceTree = "<group>";
		};
		FD076C781AC8DA5C00C893FA /* headers */ = {
			isa = PBXGroup;
			children = (
				FD5101901ACC1A7600C49430 /* client.h */,
			);
			name = headers;
			sourceTree = "<group>";
		};
		FD471FD01AC92D6D00A2A727 /* danmaku2ass */ = {
			isa = PBXGroup;
			children = (
				FD51A85D1ACA7736007D8972 /* danmaku2ass.app */,
			);
			name = danmaku2ass;
			sourceTree = "<group>";
		};
		FD471FD11AC92D7C00A2A727 /* frameworks */ = {
			isa = PBXGroup;
			children = (
				FDD5EEF61AC944020036B829 /* WebKit.framework */,
				FD471B511AC904CB00A2A727 /* CoreAudio.framework */,
			);
			name = frameworks;
			sourceTree = "<group>";
		};
		FD471FD21AC931F800A2A727 /* ffprobe */ = {
			isa = PBXGroup;
			children = (
				FD5101911ACC1AB500C49430 /* ffprobe */,
			);
			name = ffprobe;
			sourceTree = "<group>";
		};
		FD4D37691ACEF3F20022ABF3 /* img */ = {
			isa = PBXGroup;
			children = (
				FD4D376A1ACEF3FE0022ABF3 /* loading.gif */,
			);
			name = img;
			sourceTree = "<group>";
		};
		FDAF8B9F1ACA4D9900C0C55D /* sparkle */ = {
			isa = PBXGroup;
			children = (
				FDAF8BA01ACA4ECC00C0C55D /* Sparkle.framework */,
			);
			name = sparkle;
			sourceTree = "<group>";
		};
/* End PBXGroup section */

/* Begin PBXNativeTarget section */
		FD076C4F1AC8CBBB00C893FA /* Bilibili */ = {
			isa = PBXNativeTarget;
			buildConfigurationList = FD076C701AC8CBBB00C893FA /* Build configuration list for PBXNativeTarget "Bilibili" */;
			buildPhases = (
				FD076C4C1AC8CBBB00C893FA /* Sources */,
				FD076C4D1AC8CBBB00C893FA /* Frameworks */,
				FDAF8BA21ACA4EF100C0C55D /* Copy Files */,
				FD471F731AC911CD00A2A727 /* CopyFiles */,
				FD471F8B1AC92D1B00A2A727 /* CopyFiles */,
				FD471FD51AC9321300A2A727 /* CopyFiles */,
				FD076C4E1AC8CBBB00C893FA /* Resources */,
				FD5101611ACBAE5800C49430 /* ShellScript */,
			);
			buildRules = (
			);
			dependencies = (
			);
			name = Bilibili;
			productName = bilibili;
			productReference = FD076C501AC8CBBB00C893FA /* Bilibili.app */;
			productType = "com.apple.product-type.application";
		};
		FD076C651AC8CBBB00C893FA /* bilibiliTests */ = {
			isa = PBXNativeTarget;
			buildConfigurationList = FD076C731AC8CBBB00C893FA /* Build configuration list for PBXNativeTarget "bilibiliTests" */;
			buildPhases = (
				FD076C621AC8CBBB00C893FA /* Sources */,
				FD076C631AC8CBBB00C893FA /* Frameworks */,
				FD076C641AC8CBBB00C893FA /* Resources */,
			);
			buildRules = (
			);
			dependencies = (
				FD076C681AC8CBBB00C893FA /* PBXTargetDependency */,
			);
			name = bilibiliTests;
			productName = bilibiliTests;
			productReference = FD076C661AC8CBBB00C893FA /* bilibiliTests.xctest */;
			productType = "com.apple.product-type.bundle.unit-test";
		};
/* End PBXNativeTarget section */

/* Begin PBXProject section */
		FD076C481AC8CBBB00C893FA /* Project object */ = {
			isa = PBXProject;
			attributes = {
				LastUpgradeCheck = 0620;
				ORGANIZATIONNAME = TYPCN;
				TargetAttributes = {
					FD076C4F1AC8CBBB00C893FA = {
						CreatedOnToolsVersion = 6.2;
					};
					FD076C651AC8CBBB00C893FA = {
						CreatedOnToolsVersion = 6.2;
						TestTargetID = FD076C4F1AC8CBBB00C893FA;
					};
				};
			};
			buildConfigurationList = FD076C4B1AC8CBBB00C893FA /* Build configuration list for PBXProject "bilibili" */;
			compatibilityVersion = "Xcode 3.2";
			developmentRegion = English;
			hasScannedForEncodings = 0;
			knownRegions = (
				en,
				Base,
			);
			mainGroup = FD076C471AC8CBBB00C893FA;
			productRefGroup = FD076C511AC8CBBB00C893FA /* Products */;
			projectDirPath = "";
			projectRoot = "";
			targets = (
				FD076C4F1AC8CBBB00C893FA /* Bilibili */,
				FD076C651AC8CBBB00C893FA /* bilibiliTests */,
			);
		};
/* End PBXProject section */

/* Begin PBXResourcesBuildPhase section */
		FD076C4E1AC8CBBB00C893FA /* Resources */ = {
			isa = PBXResourcesBuildPhase;
			buildActionMask = 2147483647;
			files = (
				FD076C5E1AC8CBBB00C893FA /* Images.xcassets in Resources */,
				FDAF8BA71ACA502000C0C55D /* dsa_pub.pem in Resources */,
				FD4D376B1ACEF3FE0022ABF3 /* loading.gif in Resources */,
				FD076C611AC8CBBB00C893FA /* Main.storyboard in Resources */,
			);
			runOnlyForDeploymentPostprocessing = 0;
		};
		FD076C641AC8CBBB00C893FA /* Resources */ = {
			isa = PBXResourcesBuildPhase;
			buildActionMask = 2147483647;
			files = (
			);
			runOnlyForDeploymentPostprocessing = 0;
		};
/* End PBXResourcesBuildPhase section */

/* Begin PBXShellScriptBuildPhase section */
		FD5101611ACBAE5800C49430 /* ShellScript */ = {
			isa = PBXShellScriptBuildPhase;
			buildActionMask = 2147483647;
			files = (
			);
			inputPaths = (
			);
			outputPaths = (
			);
			runOnlyForDeploymentPostprocessing = 0;
			shellPath = /bin/sh;
			shellScript = "cp -r \"${SRCROOT}/bilibili/fontconfig\" \"${CONFIGURATION_BUILD_DIR}/Bilibili.app/Contents/Resources/\"";
		};
/* End PBXShellScriptBuildPhase section */

/* Begin PBXSourcesBuildPhase section */
		FD076C4C1AC8CBBB00C893FA /* Sources */ = {
			isa = PBXSourcesBuildPhase;
			buildActionMask = 2147483647;
			files = (
				FD076C5C1AC8CBBB00C893FA /* ViewController.m in Sources */,
				FD076C591AC8CBBB00C893FA /* main.m in Sources */,
				FD076C571AC8CBBB00C893FA /* AppDelegate.m in Sources */,
				FD471B4F1AC8FF3C00A2A727 /* PlayerView.mm in Sources */,
				FDAF8BAA1ACA5A3100C0C55D /* AboutView.m in Sources */,
				FDAF8B9E1ACA4C1C00C0C55D /* ISSoundAdditions.m in Sources */,
			);
			runOnlyForDeploymentPostprocessing = 0;
		};
		FD076C621AC8CBBB00C893FA /* Sources */ = {
			isa = PBXSourcesBuildPhase;
			buildActionMask = 2147483647;
			files = (
				FD076C6D1AC8CBBB00C893FA /* bilibiliTests.m in Sources */,
			);
			runOnlyForDeploymentPostprocessing = 0;
		};
/* End PBXSourcesBuildPhase section */

/* Begin PBXTargetDependency section */
		FD076C681AC8CBBB00C893FA /* PBXTargetDependency */ = {
			isa = PBXTargetDependency;
			target = FD076C4F1AC8CBBB00C893FA /* Bilibili */;
			targetProxy = FD076C671AC8CBBB00C893FA /* PBXContainerItemProxy */;
		};
/* End PBXTargetDependency section */

/* Begin PBXVariantGroup section */
		FD076C5F1AC8CBBB00C893FA /* Main.storyboard */ = {
			isa = PBXVariantGroup;
			children = (
				FD076C601AC8CBBB00C893FA /* Base */,
			);
			name = Main.storyboard;
			sourceTree = "<group>";
		};
/* End PBXVariantGroup section */

/* Begin XCBuildConfiguration section */
		FD076C6E1AC8CBBB00C893FA /* Debug */ = {
			isa = XCBuildConfiguration;
			buildSettings = {
				ALWAYS_SEARCH_USER_PATHS = NO;
				ARCHS = "$(ARCHS_STANDARD)";
				CLANG_CXX_LANGUAGE_STANDARD = "gnu++0x";
				CLANG_CXX_LIBRARY = "libc++";
				CLANG_ENABLE_MODULES = YES;
				CLANG_ENABLE_OBJC_ARC = YES;
				CLANG_WARN_BOOL_CONVERSION = YES;
				CLANG_WARN_CONSTANT_CONVERSION = YES;
				CLANG_WARN_DIRECT_OBJC_ISA_USAGE = YES_ERROR;
				CLANG_WARN_EMPTY_BODY = YES;
				CLANG_WARN_ENUM_CONVERSION = YES;
				CLANG_WARN_INT_CONVERSION = YES;
				CLANG_WARN_OBJC_ROOT_CLASS = YES_ERROR;
				CLANG_WARN_UNREACHABLE_CODE = YES;
				CLANG_WARN__DUPLICATE_METHOD_MATCH = YES;
				CODE_SIGN_IDENTITY = "-";
				COPY_PHASE_STRIP = NO;
				ENABLE_STRICT_OBJC_MSGSEND = YES;
				GCC_C_LANGUAGE_STANDARD = gnu99;
				GCC_DYNAMIC_NO_PIC = NO;
				GCC_OPTIMIZATION_LEVEL = 0;
				GCC_PREPROCESSOR_DEFINITIONS = (
					"DEBUG=1",
					"$(inherited)",
				);
				GCC_SYMBOLS_PRIVATE_EXTERN = NO;
				GCC_WARN_64_TO_32_BIT_CONVERSION = YES;
				GCC_WARN_ABOUT_RETURN_TYPE = YES_ERROR;
				GCC_WARN_UNDECLARED_SELECTOR = YES;
				GCC_WARN_UNINITIALIZED_AUTOS = YES_AGGRESSIVE;
				GCC_WARN_UNUSED_FUNCTION = YES;
				GCC_WARN_UNUSED_VARIABLE = YES;
				MACOSX_DEPLOYMENT_TARGET = 10.10;
				MTL_ENABLE_DEBUG_INFO = YES;
				ONLY_ACTIVE_ARCH = NO;
				SDKROOT = macosx10.10;
				VALID_ARCHS = "i386 x86_64";
			};
			name = Debug;
		};
		FD076C6F1AC8CBBB00C893FA /* Release */ = {
			isa = XCBuildConfiguration;
			buildSettings = {
				ALWAYS_SEARCH_USER_PATHS = NO;
				ARCHS = "$(ARCHS_STANDARD)";
				CLANG_CXX_LANGUAGE_STANDARD = "gnu++0x";
				CLANG_CXX_LIBRARY = "libc++";
				CLANG_ENABLE_MODULES = YES;
				CLANG_ENABLE_OBJC_ARC = YES;
				CLANG_WARN_BOOL_CONVERSION = YES;
				CLANG_WARN_CONSTANT_CONVERSION = YES;
				CLANG_WARN_DIRECT_OBJC_ISA_USAGE = YES_ERROR;
				CLANG_WARN_EMPTY_BODY = YES;
				CLANG_WARN_ENUM_CONVERSION = YES;
				CLANG_WARN_INT_CONVERSION = YES;
				CLANG_WARN_OBJC_ROOT_CLASS = YES_ERROR;
				CLANG_WARN_UNREACHABLE_CODE = YES;
				CLANG_WARN__DUPLICATE_METHOD_MATCH = YES;
				CODE_SIGN_IDENTITY = "-";
				COPY_PHASE_STRIP = NO;
				DEBUG_INFORMATION_FORMAT = "dwarf-with-dsym";
				ENABLE_NS_ASSERTIONS = NO;
				ENABLE_STRICT_OBJC_MSGSEND = YES;
				GCC_C_LANGUAGE_STANDARD = gnu99;
				GCC_WARN_64_TO_32_BIT_CONVERSION = YES;
				GCC_WARN_ABOUT_RETURN_TYPE = YES_ERROR;
				GCC_WARN_UNDECLARED_SELECTOR = YES;
				GCC_WARN_UNINITIALIZED_AUTOS = YES_AGGRESSIVE;
				GCC_WARN_UNUSED_FUNCTION = YES;
				GCC_WARN_UNUSED_VARIABLE = YES;
				MACOSX_DEPLOYMENT_TARGET = 10.10;
				MTL_ENABLE_DEBUG_INFO = NO;
				ONLY_ACTIVE_ARCH = NO;
				SDKROOT = macosx10.10;
				VALID_ARCHS = "i386 x86_64";
			};
			name = Release;
		};
		FD076C711AC8CBBB00C893FA /* Debug */ = {
			isa = XCBuildConfiguration;
			buildSettings = {
				ARCHS = "$(ARCHS_STANDARD)";
				ASSETCATALOG_COMPILER_APPICON_NAME = AppIcon;
				COMBINE_HIDPI_IMAGES = YES;
				FRAMEWORK_SEARCH_PATHS = (
					"$(inherited)",
					"$(PROJECT_DIR)/bilibili/sparkle",
				);
				INFOPLIST_FILE = bilibili/Info.plist;
				LD_RUNPATH_SEARCH_PATHS = "$(inherited) @executable_path/../Frameworks";
				LIBRARY_SEARCH_PATHS = (
					"$(inherited)",
					"$(PROJECT_DIR)",
					"$(PROJECT_DIR)/bilibili/libs",
				);
				MACOSX_DEPLOYMENT_TARGET = 10.10;
				OTHER_LDFLAGS = "-Wl,-rpath,@loader_path/../Frameworks";
				PRODUCT_NAME = "$(TARGET_NAME)";
				SDKROOT = macosx;
			};
			name = Debug;
		};
		FD076C721AC8CBBB00C893FA /* Release */ = {
			isa = XCBuildConfiguration;
			buildSettings = {
				ARCHS = "$(ARCHS_STANDARD)";
				ASSETCATALOG_COMPILER_APPICON_NAME = AppIcon;
				COMBINE_HIDPI_IMAGES = YES;
				FRAMEWORK_SEARCH_PATHS = (
					"$(inherited)",
					"$(PROJECT_DIR)/bilibili/sparkle",
				);
				INFOPLIST_FILE = bilibili/Info.plist;
				LD_RUNPATH_SEARCH_PATHS = "$(inherited) @executable_path/../Frameworks";
				LIBRARY_SEARCH_PATHS = (
					"$(inherited)",
					"$(PROJECT_DIR)",
					"$(PROJECT_DIR)/bilibili/libs",
				);
				MACOSX_DEPLOYMENT_TARGET = 10.10;
				OTHER_LDFLAGS = "-Wl,-rpath,@loader_path/../Frameworks";
				PRODUCT_NAME = "$(TARGET_NAME)";
				SDKROOT = macosx;
			};
			name = Release;
		};
		FD076C741AC8CBBB00C893FA /* Debug */ = {
			isa = XCBuildConfiguration;
			buildSettings = {
				BUNDLE_LOADER = "$(TEST_HOST)";
				COMBINE_HIDPI_IMAGES = YES;
				FRAMEWORK_SEARCH_PATHS = (
					"$(DEVELOPER_FRAMEWORKS_DIR)",
					"$(inherited)",
				);
				GCC_PREPROCESSOR_DEFINITIONS = (
					"DEBUG=1",
					"$(inherited)",
				);
				INFOPLIST_FILE = bilibiliTests/Info.plist;
				LD_RUNPATH_SEARCH_PATHS = "$(inherited) @executable_path/../Frameworks @loader_path/../Frameworks";
				PRODUCT_NAME = "$(TARGET_NAME)";
				TEST_HOST = "$(BUILT_PRODUCTS_DIR)/bilibili.app/Contents/MacOS/bilibili";
			};
			name = Debug;
		};
		FD076C751AC8CBBB00C893FA /* Release */ = {
			isa = XCBuildConfiguration;
			buildSettings = {
				BUNDLE_LOADER = "$(TEST_HOST)";
				COMBINE_HIDPI_IMAGES = YES;
				FRAMEWORK_SEARCH_PATHS = (
					"$(DEVELOPER_FRAMEWORKS_DIR)",
					"$(inherited)",
				);
				INFOPLIST_FILE = bilibiliTests/Info.plist;
				LD_RUNPATH_SEARCH_PATHS = "$(inherited) @executable_path/../Frameworks @loader_path/../Frameworks";
				PRODUCT_NAME = "$(TARGET_NAME)";
				TEST_HOST = "$(BUILT_PRODUCTS_DIR)/bilibili.app/Contents/MacOS/bilibili";
			};
			name = Release;
		};
/* End XCBuildConfiguration section */

/* Begin XCConfigurationList section */
		FD076C4B1AC8CBBB00C893FA /* Build configuration list for PBXProject "bilibili" */ = {
			isa = XCConfigurationList;
			buildConfigurations = (
				FD076C6E1AC8CBBB00C893FA /* Debug */,
				FD076C6F1AC8CBBB00C893FA /* Release */,
			);
			defaultConfigurationIsVisible = 0;
			defaultConfigurationName = Release;
		};
		FD076C701AC8CBBB00C893FA /* Build configuration list for PBXNativeTarget "Bilibili" */ = {
			isa = XCConfigurationList;
			buildConfigurations = (
				FD076C711AC8CBBB00C893FA /* Debug */,
				FD076C721AC8CBBB00C893FA /* Release */,
			);
			defaultConfigurationIsVisible = 0;
			defaultConfigurationName = Release;
		};
		FD076C731AC8CBBB00C893FA /* Build configuration list for PBXNativeTarget "bilibiliTests" */ = {
			isa = XCConfigurationList;
			buildConfigurations = (
				FD076C741AC8CBBB00C893FA /* Debug */,
				FD076C751AC8CBBB00C893FA /* Release */,
			);
			defaultConfigurationIsVisible = 0;
			defaultConfigurationName = Release;
		};
/* End XCConfigurationList section */
	};
	rootObject = FD076C481AC8CBBB00C893FA /* Project object */;
}
